
Microsoft Visual Studio Solution File, Format Version 12.00
# Visual Studio Version 17
VisualStudioVersion = 17.5.002.0
MinimumVisualStudioVersion = 10.0.40219.1
Project("{9A19103F-16F7-4668-BE54-9A1E7A4F7556}") = "movie_explorer", "movie_explorer\movie_explorer.csproj", "{52BE310F-AFB2-43A2-8FF0-837D4B5B2F3C}"
EndProject
Global
	GlobalSection(SolutionConfigurationPlatforms) = preSolution
		Debug|Any CPU = Debug|Any CPU
		Release|Any CPU = Release|Any CPU
	EndGlobalSection
	GlobalSection(ProjectConfigurationPlatforms) = postSolution
		{52BE310F-AFB2-43A2-8FF0-837D4B5B2F3C}.Debug|Any CPU.ActiveCfg = Debug|Any CPU
		{52BE310F-AFB2-43A2-8FF0-837D4B5B2F3C}.Debug|Any CPU.Build.0 = Debug|Any CPU
		{52BE310F-AFB2-43A2-8FF0-837D4B5B2F3C}.Release|Any CPU.ActiveCfg = Release|Any CPU
		{52BE310F-AFB2-43A2-8FF0-837D4B5B2F3C}.Release|Any CPU.Build.0 = Release|Any CPU
	EndGlobalSection
	GlobalSection(SolutionProperties) = preSolution
		HideSolutionNode = FALSE
	EndGlobalSection
	GlobalSection(ExtensibilityGlobals) = postSolution
		SolutionGuid = {75479244-C4F7-4F50-AD84-1B1CBDDD7C10}
	EndGlobalSection
EndGlobal
